{
  "version": "3",
  "packages": {
    "specifiers": {
      "npm:expect@29.7.0": "npm:expect@29.7.0",
      "npm:loro-crdt@0.4.0": "npm:loro-crdt@0.4.0",
      "npm:loro-crdt@0.5.0": "npm:loro-crdt@0.5.0"
    },
    "npm": {
      "@babel/code-frame@7.22.13": {
        "integrity": "sha512-XktuhWlJ5g+3TJXc5upd9Ks1HutSArik6jf2eAjYFyIOf4ej3RN+184cZbzDvbPnuTJIUhPKKJE3cIsYTiAT3w==",
        "dependencies": {
          "@babel/highlight": "@babel/highlight@7.22.20",
          "chalk": "chalk@2.4.2"
        }
      },
      "@babel/helper-validator-identifier@7.22.20": {
        "integrity": "sha512-Y4OZ+ytlatR8AI+8KZfKuL5urKp7qey08ha31L8b3BwewJAoJamTzyvxPR/5D+KkdJCGPq/+8TukHBlY10FX9A==",
        "dependencies": {}
      },
      "@babel/highlight@7.22.20": {
        "integrity": "sha512-dkdMCN3py0+ksCgYmGG8jKeGA/8Tk+gJwSYYlFGxG5lmhfKNoAy004YpLxpS1W2J8m/EK2Ew+yOs9pVRwO89mg==",
        "dependencies": {
          "@babel/helper-validator-identifier": "@babel/helper-validator-identifier@7.22.20",
          "chalk": "chalk@2.4.2",
          "js-tokens": "js-tokens@4.0.0"
        }
      },
      "@jest/expect-utils@29.7.0": {
        "integrity": "sha512-GlsNBWiFQFCVi9QVSx7f5AgMeLxe9YCCs5PuP2O2LdjDAA8Jh9eX7lA1Jq/xdXw3Wb3hyvlFNfZIfcRetSzYcA==",
        "dependencies": {
          "jest-get-type": "jest-get-type@29.6.3"
        }
      },
      "@jest/schemas@29.6.3": {
        "integrity": "sha512-mo5j5X+jIZmJQveBKeS/clAueipV7KgiX1vMgCxam1RNYiqE1w62n0/tJJnHtjW8ZHcQco5gY85jA3mi0L+nSA==",
        "dependencies": {
          "@sinclair/typebox": "@sinclair/typebox@0.27.8"
        }
      },
      "@jest/types@29.6.3": {
        "integrity": "sha512-u3UPsIilWKOM3F9CXtrG8LEJmNxwoCQC/XVj4IKYXvvpx7QIi/Kg1LI5uDmDpKlac62NUtX7eLjRh+jVZcLOzw==",
        "dependencies": {
          "@jest/schemas": "@jest/schemas@29.6.3",
          "@types/istanbul-lib-coverage": "@types/istanbul-lib-coverage@2.0.6",
          "@types/istanbul-reports": "@types/istanbul-reports@3.0.4",
          "@types/node": "@types/node@18.16.19",
          "@types/yargs": "@types/yargs@17.0.31",
          "chalk": "chalk@4.1.2"
        }
      },
      "@sinclair/typebox@0.27.8": {
        "integrity": "sha512-+Fj43pSMwJs4KRrH/938Uf+uAELIgVBmQzg/q1YG10djyfA3TnrU8N8XzqCh/okZdszqBQTZf96idMfE5lnwTA==",
        "dependencies": {}
      },
      "@types/istanbul-lib-coverage@2.0.6": {
        "integrity": "sha512-2QF/t/auWm0lsy8XtKVPG19v3sSOQlJe/YHZgfjb/KBBHOGSV+J2q/S671rcq9uTBrLAXmZpqJiaQbMT+zNU1w==",
        "dependencies": {}
      },
      "@types/istanbul-lib-report@3.0.3": {
        "integrity": "sha512-NQn7AHQnk/RSLOxrBbGyJM/aVQ+pjj5HCgasFxc0K/KhoATfQ/47AyUl15I2yBUpihjmas+a+VJBOqecrFH+uA==",
        "dependencies": {
          "@types/istanbul-lib-coverage": "@types/istanbul-lib-coverage@2.0.6"
        }
      },
      "@types/istanbul-reports@3.0.4": {
        "integrity": "sha512-pk2B1NWalF9toCRu6gjBzR69syFjP4Od8WRAX+0mmf9lAjCRicLOWc+ZrxZHx/0XRjotgkF9t6iaMJ+aXcOdZQ==",
        "dependencies": {
          "@types/istanbul-lib-report": "@types/istanbul-lib-report@3.0.3"
        }
      },
      "@types/node@18.16.19": {
        "integrity": "sha512-IXl7o+R9iti9eBW4Wg2hx1xQDig183jj7YLn8F7udNceyfkbn1ZxmzZXuak20gR40D7pIkIY1kYGx5VIGbaHKA==",
        "dependencies": {}
      },
      "@types/stack-utils@2.0.3": {
        "integrity": "sha512-9aEbYZ3TbYMznPdcdr3SmIrLXwC/AKZXQeCf9Pgao5CKb8CyHuEX5jzWPTkvregvhRJHcpRO6BFoGW9ycaOkYw==",
        "dependencies": {}
      },
      "@types/yargs-parser@21.0.3": {
        "integrity": "sha512-I4q9QU9MQv4oEOz4tAHJtNz1cwuLxn2F3xcc2iV5WdqLPpUnj30aUuxt1mAxYTG+oe8CZMV/+6rU4S4gRDzqtQ==",
        "dependencies": {}
      },
      "@types/yargs@17.0.31": {
        "integrity": "sha512-bocYSx4DI8TmdlvxqGpVNXOgCNR1Jj0gNPhhAY+iz1rgKDAaYrAYdFYnhDV1IFuiuVc9HkOwyDcFxaTElF3/wg==",
        "dependencies": {
          "@types/yargs-parser": "@types/yargs-parser@21.0.3"
        }
      },
      "ansi-styles@3.2.1": {
        "integrity": "sha512-VT0ZI6kZRdTh8YyJw3SMbYm/u+NqfsAxEpWO0Pf9sq8/e94WxxOpPKx9FR1FlyCtOVDNOQ+8ntlqFxiRc+r5qA==",
        "dependencies": {
          "color-convert": "color-convert@1.9.3"
        }
      },
      "ansi-styles@4.3.0": {
        "integrity": "sha512-zbB9rCJAT1rbjiVDb2hqKFHNYLxgtk8NURxZ3IZwD3F6NtxbXZQCnnSi1Lkx+IDohdPlFp222wVALIheZJQSEg==",
        "dependencies": {
          "color-convert": "color-convert@2.0.1"
        }
      },
      "ansi-styles@5.2.0": {
        "integrity": "sha512-Cxwpt2SfTzTtXcfOlzGEee8O+c+MmUgGrNiBcXnuWxuFJHe6a5Hz7qwhwe5OgaSYI0IJvkLqWX1ASG+cJOkEiA==",
        "dependencies": {}
      },
      "braces@3.0.2": {
        "integrity": "sha512-b8um+L1RzM3WDSzvhm6gIz1yfTbBt6YTlcEKAvsmqCZZFw46z626lVj9j1yEPW33H5H+lBQpZMP1k8l+78Ha0A==",
        "dependencies": {
          "fill-range": "fill-range@7.0.1"
        }
      },
      "chalk@2.4.2": {
        "integrity": "sha512-Mti+f9lpJNcwF4tWV8/OrTTtF1gZi+f8FqlyAdouralcFWFQWF2+NgCHShjkCb+IFBLq9buZwE1xckQU4peSuQ==",
        "dependencies": {
          "ansi-styles": "ansi-styles@3.2.1",
          "escape-string-regexp": "escape-string-regexp@1.0.5",
          "supports-color": "supports-color@5.5.0"
        }
      },
      "chalk@4.1.2": {
        "integrity": "sha512-oKnbhFyRIXpUuez8iBMmyEa4nbj4IOQyuhc/wy9kY7/WVPcwIO9VA668Pu8RkO7+0G76SLROeyw9CpQ061i4mA==",
        "dependencies": {
          "ansi-styles": "ansi-styles@4.3.0",
          "supports-color": "supports-color@7.2.0"
        }
      },
      "ci-info@3.9.0": {
        "integrity": "sha512-NIxF55hv4nSqQswkAeiOi1r83xy8JldOFDTWiug55KBu9Jnblncd2U6ViHmYgHf01TPZS77NJBhBMKdWj9HQMQ==",
        "dependencies": {}
      },
      "color-convert@1.9.3": {
        "integrity": "sha512-QfAUtd+vFdAtFQcC8CCyYt1fYWxSqAiK2cSD6zDB8N3cpsEBAvRxp9zOGg6G/SHHJYAT88/az/IuDGALsNVbGg==",
        "dependencies": {
          "color-name": "color-name@1.1.3"
        }
      },
      "color-convert@2.0.1": {
        "integrity": "sha512-RRECPsj7iu/xb5oKYcsFHSppFNnsj/52OVTRKb4zP5onXwVF3zVmmToNcOfGC+CRDpfK/U584fMg38ZHCaElKQ==",
        "dependencies": {
          "color-name": "color-name@1.1.4"
        }
      },
      "color-name@1.1.3": {
        "integrity": "sha512-72fSenhMw2HZMTVHeCA9KCmpEIbzWiQsjN+BHcBbS9vr1mtt+vJjPdksIBNUmKAW8TFUDPJK5SUU3QhE9NEXDw==",
        "dependencies": {}
      },
      "color-name@1.1.4": {
        "integrity": "sha512-dOy+3AuW3a2wNbZHIuMZpTcgjGuLU/uBL/ubcZF9OXbDo8ff4O8yVp5Bf0efS8uEoYo5q4Fx7dY9OgQGXgAsQA==",
        "dependencies": {}
      },
      "diff-sequences@29.6.3": {
        "integrity": "sha512-EjePK1srD3P08o2j4f0ExnylqRs5B9tJjcp9t1krH2qRi8CCdsYfwe9JgSLurFBWwq4uOlipzfk5fHNvwFKr8Q==",
        "dependencies": {}
      },
      "escape-string-regexp@1.0.5": {
        "integrity": "sha512-vbRorB5FUQWvla16U8R/qgaFIya2qGzwDrNmCZuYKrbdSUMG6I1ZCGQRefkRVhuOkIGVne7BQ35DSfo1qvJqFg==",
        "dependencies": {}
      },
      "escape-string-regexp@2.0.0": {
        "integrity": "sha512-UpzcLCXolUWcNu5HtVMHYdXJjArjsF9C0aNnquZYY4uW/Vu0miy5YoWvbV345HauVvcAUnpRuhMMcqTcGOY2+w==",
        "dependencies": {}
      },
      "expect@29.7.0": {
        "integrity": "sha512-2Zks0hf1VLFYI1kbh0I5jP3KHHyCHpkfyHBzsSXRFgl/Bg9mWYfMW8oD+PdMPlEwy5HNsR9JutYy6pMeOh61nw==",
        "dependencies": {
          "@jest/expect-utils": "@jest/expect-utils@29.7.0",
          "jest-get-type": "jest-get-type@29.6.3",
          "jest-matcher-utils": "jest-matcher-utils@29.7.0",
          "jest-message-util": "jest-message-util@29.7.0",
          "jest-util": "jest-util@29.7.0"
        }
      },
      "fill-range@7.0.1": {
        "integrity": "sha512-qOo9F+dMUmC2Lcb4BbVvnKJxTPjCm+RRpe4gDuGrzkL7mEVl/djYSu2OdQ2Pa302N4oqkSg9ir6jaLWJ2USVpQ==",
        "dependencies": {
          "to-regex-range": "to-regex-range@5.0.1"
        }
      },
      "graceful-fs@4.2.11": {
        "integrity": "sha512-RbJ5/jmFcNNCcDV5o9eTnBLJ/HszWV0P73bc+Ff4nS/rJj+YaS6IGyiOL0VoBYX+l1Wrl3k63h/KrH+nhJ0XvQ==",
        "dependencies": {}
      },
      "has-flag@3.0.0": {
        "integrity": "sha512-sKJf1+ceQBr4SMkvQnBDNDtf4TXpVhVGateu0t918bl30FnbE2m4vNLX+VWe/dpjlb+HugGYzW7uQXH98HPEYw==",
        "dependencies": {}
      },
      "has-flag@4.0.0": {
        "integrity": "sha512-EykJT/Q1KjTWctppgIAgfSO0tKVuZUjhgMr17kqTumMl6Afv3EISleU7qZUzoXDFTAHTDC4NOoG/ZxU3EvlMPQ==",
        "dependencies": {}
      },
      "is-number@7.0.0": {
        "integrity": "sha512-41Cifkg6e8TylSpdtTpeLVMqvSBEVzTttHvERD741+pnZ8ANv0004MRL43QKPDlK9cGvNp6NZWZUBlbGXYxxng==",
        "dependencies": {}
      },
      "jest-diff@29.7.0": {
        "integrity": "sha512-LMIgiIrhigmPrs03JHpxUh2yISK3vLFPkAodPeo0+BuF7wA2FoQbkEg1u8gBYBThncu7e1oEDUfIXVuTqLRUjw==",
        "dependencies": {
          "chalk": "chalk@4.1.2",
          "diff-sequences": "diff-sequences@29.6.3",
          "jest-get-type": "jest-get-type@29.6.3",
          "pretty-format": "pretty-format@29.7.0"
        }
      },
      "jest-get-type@29.6.3": {
        "integrity": "sha512-zrteXnqYxfQh7l5FHyL38jL39di8H8rHoecLH3JNxH3BwOrBsNeabdap5e0I23lD4HHI8W5VFBZqG4Eaq5LNcw==",
        "dependencies": {}
      },
      "jest-matcher-utils@29.7.0": {
        "integrity": "sha512-sBkD+Xi9DtcChsI3L3u0+N0opgPYnCRPtGcQYrgXmR+hmt/fYfWAL0xRXYU8eWOdfuLgBe0YCW3AFtnRLagq/g==",
        "dependencies": {
          "chalk": "chalk@4.1.2",
          "jest-diff": "jest-diff@29.7.0",
          "jest-get-type": "jest-get-type@29.6.3",
          "pretty-format": "pretty-format@29.7.0"
        }
      },
      "jest-message-util@29.7.0": {
        "integrity": "sha512-GBEV4GRADeP+qtB2+6u61stea8mGcOT4mCtrYISZwfu9/ISHFJ/5zOMXYbpBE9RsS5+Gb63DW4FgmnKJ79Kf6w==",
        "dependencies": {
          "@babel/code-frame": "@babel/code-frame@7.22.13",
          "@jest/types": "@jest/types@29.6.3",
          "@types/stack-utils": "@types/stack-utils@2.0.3",
          "chalk": "chalk@4.1.2",
          "graceful-fs": "graceful-fs@4.2.11",
          "micromatch": "micromatch@4.0.5",
          "pretty-format": "pretty-format@29.7.0",
          "slash": "slash@3.0.0",
          "stack-utils": "stack-utils@2.0.6"
        }
      },
      "jest-util@29.7.0": {
        "integrity": "sha512-z6EbKajIpqGKU56y5KBUgy1dt1ihhQJgWzUlZHArA/+X2ad7Cb5iF+AK1EWVL/Bo7Rz9uurpqw6SiBCefUbCGA==",
        "dependencies": {
          "@jest/types": "@jest/types@29.6.3",
          "@types/node": "@types/node@18.16.19",
          "chalk": "chalk@4.1.2",
          "ci-info": "ci-info@3.9.0",
          "graceful-fs": "graceful-fs@4.2.11",
          "picomatch": "picomatch@2.3.1"
        }
      },
      "js-tokens@4.0.0": {
        "integrity": "sha512-RdJUflcE3cUzKiMqQgsCu06FPu9UdIJO0beYbPhHN4k6apgJtifcoCtT9bcxOpYBtpD2kCM6Sbzg4CausW/PKQ==",
        "dependencies": {}
      },
      "loro-crdt@0.4.0": {
        "integrity": "sha512-e9nO3EqCul2KsKfYR3Y30QfLzupDHF9bKUOPq6CzC3e4LrGGJ1QcOqt8hKMttxH7Su+9w7sF9vxyC6KXHhrn0g==",
        "dependencies": {
          "loro-wasm": "loro-wasm@0.4.0"
        }
      },
      "loro-crdt@0.5.0": {
        "integrity": "sha512-O7vBYOI1bGQZKlF2UabGVMbIqNtyHKsFUfz3gAy65EzNhFdxFV5BMlm5ViUMd2RAjKHQ8VKuTabV7zeim18cOw==",
        "dependencies": {
          "loro-wasm": "loro-wasm@0.5.0"
        }
      },
      "loro-wasm@0.4.0": {
        "integrity": "sha512-vPk//ZpQmQfNsDqKnuEQQANtJDKZQTTgkyNa/EySLfskLStxJIYeua7PsCA5A0oB2Y9deMuOpD7YeMWo8vq5Yw==",
        "dependencies": {}
      },
      "loro-wasm@0.5.0": {
        "integrity": "sha512-IvKvlo7cGJo/sR8loy45fugYko3rCGtanphT7dHD9cYJLiOHeKQqTlXYVPmLmfED6ALqfNxpvRWQvLglMW6EtQ==",
        "dependencies": {}
      },
      "micromatch@4.0.5": {
        "integrity": "sha512-DMy+ERcEW2q8Z2Po+WNXuw3c5YaUSFjAO5GsJqfEl7UjvtIuFKO6ZrKvcItdy98dwFI2N1tg3zNIdKaQT+aNdA==",
        "dependencies": {
          "braces": "braces@3.0.2",
          "picomatch": "picomatch@2.3.1"
        }
      },
      "picomatch@2.3.1": {
        "integrity": "sha512-JU3teHTNjmE2VCGFzuY8EXzCDVwEqB2a8fsIvwaStHhAWJEeVd1o1QD80CU6+ZdEXXSLbSsuLwJjkCBWqRQUVA==",
        "dependencies": {}
      },
      "pretty-format@29.7.0": {
        "integrity": "sha512-Pdlw/oPxN+aXdmM9R00JVC9WVFoCLTKJvDVLgmJ+qAffBMxsV85l/Lu7sNx4zSzPyoL2euImuEwHhOXdEgNFZQ==",
        "dependencies": {
          "@jest/schemas": "@jest/schemas@29.6.3",
          "ansi-styles": "ansi-styles@5.2.0",
          "react-is": "react-is@18.2.0"
        }
      },
      "react-is@18.2.0": {
        "integrity": "sha512-xWGDIW6x921xtzPkhiULtthJHoJvBbF3q26fzloPCK0hsvxtPVelvftw3zjbHWSkR2km9Z+4uxbDDK/6Zw9B8w==",
        "dependencies": {}
      },
      "slash@3.0.0": {
        "integrity": "sha512-g9Q1haeby36OSStwb4ntCGGGaKsaVSjQ68fBxoQcutl5fS1vuY18H3wSt3jFyFtrkx+Kz0V1G85A4MyAdDMi2Q==",
        "dependencies": {}
      },
      "stack-utils@2.0.6": {
        "integrity": "sha512-XlkWvfIm6RmsWtNJx+uqtKLS8eqFbxUg0ZzLXqY0caEy9l7hruX8IpiDnjsLavoBgqCCR71TqWO8MaXYheJ3RQ==",
        "dependencies": {
          "escape-string-regexp": "escape-string-regexp@2.0.0"
        }
      },
      "supports-color@5.5.0": {
        "integrity": "sha512-QjVjwdXIt408MIiAqCX4oUKsgU2EqAGzs2Ppkm4aQYbjm+ZEWEcW4SfFNTr4uMNZma0ey4f5lgLrkB0aX0QMow==",
        "dependencies": {
          "has-flag": "has-flag@3.0.0"
        }
      },
      "supports-color@7.2.0": {
        "integrity": "sha512-qpCAvRl9stuOHveKsn7HncJRvv501qIacKzQlO/+Lwxc9+0q2wLyv4Dfvt80/DPn2pqOBsJdDiogXGR9+OvwRw==",
        "dependencies": {
          "has-flag": "has-flag@4.0.0"
        }
      },
      "to-regex-range@5.0.1": {
        "integrity": "sha512-65P7iz6X5yEr1cwcgvQxbbIw7Uk3gOy5dIdtZ4rDveLqhrdJP+Li/Hx6tyK0NEb+2GCyneCMJiGqrADCSNk8sQ==",
        "dependencies": {
          "is-number": "is-number@7.0.0"
        }
      }
    }
  },
  "redirects": {
    "https://deno.land/std/fmt/printf.ts": "https://deno.land/std@0.105.0/fmt/printf.ts",
    "https://deno.land/std/path/mod.ts": "https://deno.land/std@0.105.0/path/mod.ts",
    "https://deno.land/std/testing/asserts.ts": "https://deno.land/std@0.105.0/testing/asserts.ts"
  },
  "remote": {
    "https://deno.land/std@0.105.0/_util/assert.ts": "2f868145a042a11d5ad0a3c748dcf580add8a0dbc0e876eaa0026303a5488f58",
    "https://deno.land/std@0.105.0/_util/os.ts": "dfb186cc4e968c770ab6cc3288bd65f4871be03b93beecae57d657232ecffcac",
    "https://deno.land/std@0.105.0/fmt/colors.ts": "d2f8355f00a74404668fc5a1e4a92983ce1a9b0a6ac1d40efbd681cb8f519586",
    "https://deno.land/std@0.105.0/fmt/printf.ts": "7ec612e9b89958b8f7710129f74f502327aad285a9e48ee5297f5882fbc3a078",
    "https://deno.land/std@0.105.0/path/_constants.ts": "1247fee4a79b70c89f23499691ef169b41b6ccf01887a0abd131009c5581b853",
    "https://deno.land/std@0.105.0/path/_interface.ts": "1fa73b02aaa24867e481a48492b44f2598cd9dfa513c7b34001437007d3642e4",
    "https://deno.land/std@0.105.0/path/_util.ts": "2e06a3b9e79beaf62687196bd4b60a4c391d862cfa007a20fc3a39f778ba073b",
    "https://deno.land/std@0.105.0/path/common.ts": "eaf03d08b569e8a87e674e4e265e099f237472b6fd135b3cbeae5827035ea14a",
    "https://deno.land/std@0.105.0/path/glob.ts": "3b84af55c53febacf6afe214c095624b22a56b6f57d7312157479cc783a0de65",
    "https://deno.land/std@0.105.0/path/mod.ts": "4465dc494f271b02569edbb4a18d727063b5dbd6ed84283ff906260970a15d12",
    "https://deno.land/std@0.105.0/path/posix.ts": "b81974c768d298f8dcd2c720229639b3803ca4a241fa9a355c762fa2bc5ef0c1",
    "https://deno.land/std@0.105.0/path/separator.ts": "8fdcf289b1b76fd726a508f57d3370ca029ae6976fcde5044007f062e643ff1c",
    "https://deno.land/std@0.105.0/path/win32.ts": "f4a3d4a3f2c9fe894da046d5eac48b5e789a0ebec5152b2c0985efe96a9f7ae1",
    "https://deno.land/std@0.105.0/testing/_diff.ts": "5d3693155f561d1a5443ac751ac70aab9f5d67b4819a621d4b96b8a1a1c89620",
    "https://deno.land/std@0.105.0/testing/asserts.ts": "e4311d45d956459d4423bc267208fe154b5294989da2ed93257b6a85cae0427e",
    "https://deno.land/std@0.106.0/_util/assert.ts": "2f868145a042a11d5ad0a3c748dcf580add8a0dbc0e876eaa0026303a5488f58",
    "https://deno.land/std@0.106.0/_util/os.ts": "dfb186cc4e968c770ab6cc3288bd65f4871be03b93beecae57d657232ecffcac",
    "https://deno.land/std@0.106.0/fs/_util.ts": "f2ce811350236ea8c28450ed822a5f42a0892316515b1cd61321dec13569c56b",
    "https://deno.land/std@0.106.0/fs/copy.ts": "631bbafbfe6cba282158abc8aeb7e8251cc69a7ec28ce12878ea1b75fec2add4",
    "https://deno.land/std@0.106.0/fs/empty_dir.ts": "5f08b263dd064dc7917c4bbeb13de0f5505a664b9cdfe312fa86e7518cfaeb84",
    "https://deno.land/std@0.106.0/fs/ensure_dir.ts": "b7c103dc41a3d1dbbb522bf183c519c37065fdc234831a4a0f7d671b1ed5fea7",
    "https://deno.land/std@0.106.0/fs/ensure_file.ts": "c06031af24368e80c330897e4b8e9109efc8602ffabc8f3e2306be07529e1d13",
    "https://deno.land/std@0.106.0/fs/ensure_link.ts": "26e54363508b822afd87a3f6e873bbbcd6b5993dd638f8170758c16262a75065",
    "https://deno.land/std@0.106.0/fs/ensure_symlink.ts": "c07b6d19ef58b6f5c671ffa942e7f9be50315f4f78e2f9f511626fd2e13beccc",
    "https://deno.land/std@0.106.0/fs/eol.ts": "afaebaaac36f48c423b920c836551997715672b80a0fee9aa7667c181a94f2df",
    "https://deno.land/std@0.106.0/fs/exists.ts": "b0d2e31654819cc2a8d37df45d6b14686c0cc1d802e9ff09e902a63e98b85a00",
    "https://deno.land/std@0.106.0/fs/expand_glob.ts": "73e7b13f01097b04ed782b3d63863379b718417417758ba622e282b1e5300b91",
    "https://deno.land/std@0.106.0/fs/mod.ts": "26eee4b52a8c516e37d464094b080ff6822883e7f01ff0ba0a72b8dcd54b9927",
    "https://deno.land/std@0.106.0/fs/move.ts": "4623058e39bbbeb3ad30aeff9c974c55d2d574ad7c480295c12b04c244686a99",
    "https://deno.land/std@0.106.0/fs/walk.ts": "b91c655c60d048035f9cae0e6177991ab3245e786e3ab7d20a5b60012edf2126",
    "https://deno.land/std@0.106.0/path/_constants.ts": "1247fee4a79b70c89f23499691ef169b41b6ccf01887a0abd131009c5581b853",
    "https://deno.land/std@0.106.0/path/_interface.ts": "1fa73b02aaa24867e481a48492b44f2598cd9dfa513c7b34001437007d3642e4",
    "https://deno.land/std@0.106.0/path/_util.ts": "2e06a3b9e79beaf62687196bd4b60a4c391d862cfa007a20fc3a39f778ba073b",
    "https://deno.land/std@0.106.0/path/common.ts": "eaf03d08b569e8a87e674e4e265e099f237472b6fd135b3cbeae5827035ea14a",
    "https://deno.land/std@0.106.0/path/glob.ts": "3b84af55c53febacf6afe214c095624b22a56b6f57d7312157479cc783a0de65",
    "https://deno.land/std@0.106.0/path/mod.ts": "4465dc494f271b02569edbb4a18d727063b5dbd6ed84283ff906260970a15d12",
    "https://deno.land/std@0.106.0/path/posix.ts": "b81974c768d298f8dcd2c720229639b3803ca4a241fa9a355c762fa2bc5ef0c1",
    "https://deno.land/std@0.106.0/path/separator.ts": "8fdcf289b1b76fd726a508f57d3370ca029ae6976fcde5044007f062e643ff1c",
    "https://deno.land/std@0.106.0/path/win32.ts": "f4a3d4a3f2c9fe894da046d5eac48b5e789a0ebec5152b2c0985efe96a9f7ae1",
    "https://deno.land/x/cliui@v7.0.4-deno/build/lib/index.js": "fb6030c7b12602a4fca4d81de3ddafa301ba84fd9df73c53de6f3bdda7b482d5",
    "https://deno.land/x/cliui@v7.0.4-deno/build/lib/string-utils.js": "b3eb9d2e054a43a3064af17332fb1839a7dadb205c5371af4789616afb1a117f",
    "https://deno.land/x/cliui@v7.0.4-deno/deno.ts": "d07bc3338661f8011e3a5fd215061d17a52107a5383c29f40ce0c1ecb8bb8cc3",
    "https://deno.land/x/escalade@v3.0.3/sync.ts": "493bc66563292c5c10c4a75a467a5933f24dad67d74b0f5a87e7b988fe97c104",
    "https://deno.land/x/y18n@v5.0.0-deno/build/lib/index.js": "92c4624714aa508d33c6d21c0b0ffa072369a8b306e5f8c7727662f570bbd026",
    "https://deno.land/x/y18n@v5.0.0-deno/deno.ts": "80997f0709a0b43d29931e2b33946f2bbc32b13fd82f80a5409628455427e28d",
    "https://deno.land/x/y18n@v5.0.0-deno/lib/platform-shims/deno.ts": "8fa2c96ac03734966260cfd2c5bc240e41725c913e5b64a0297aede09f52b39d",
    "https://deno.land/x/yargs@v17.1.1-deno/build/lib/argsert.js": "eb085555452eac3ff300935994a42f35d16e04cf698cb775cb5ad4f5653c0627",
    "https://deno.land/x/yargs@v17.1.1-deno/build/lib/command.js": "499c95cecd5e93f627e0b5ce66a193c9a595adc10fbafe0581a9725e38324dee",
    "https://deno.land/x/yargs@v17.1.1-deno/build/lib/completion-templates.js": "f84823b1daa0ed0189e4f823f6a4fd29ad58de6a05771004918368fd62bb2b3f",
    "https://deno.land/x/yargs@v17.1.1-deno/build/lib/completion.js": "c91772b89907ebf1a462804305d12d3b9deade75cd1b319c06831ac0bf5abd27",
    "https://deno.land/x/yargs@v17.1.1-deno/build/lib/middleware.js": "cef3f017d5ff61c340c65b8422f5ab9600ba381aa656df634d1a3edf0f967527",
    "https://deno.land/x/yargs@v17.1.1-deno/build/lib/parse-command.js": "327242c0afae207b7aefa13133439e3b321d7db4229febc5b7bd5285770ac7f7",
    "https://deno.land/x/yargs@v17.1.1-deno/build/lib/typings/common-types.js": "9618b81a86acb88a61fd9988e9bc3ec21c5250d94fc2231ba7d898e71500789d",
    "https://deno.land/x/yargs@v17.1.1-deno/build/lib/usage.js": "61071feb99ac220f1b27036406ae8e4f9ee606b373a5f3bcb60042c7bcfbd0d8",
    "https://deno.land/x/yargs@v17.1.1-deno/build/lib/utils/apply-extends.js": "64640dce92669705abead3bdbe2c46c8318c8623843a55e4726fb3c55ff9dd1d",
    "https://deno.land/x/yargs@v17.1.1-deno/build/lib/utils/is-promise.js": "be45baa3090c5106dd4e442cceef6b357a268783a2ee28ec10fe131a8cd8db72",
    "https://deno.land/x/yargs@v17.1.1-deno/build/lib/utils/levenshtein.js": "d8638efc3376b5f794b1c8df6ef4f3d484b29d919127c7fdc242400e3cfded91",
    "https://deno.land/x/yargs@v17.1.1-deno/build/lib/utils/maybe-async-result.js": "31cf4026279e14c87d16faa14ac758f35c8cc5795d29393c5ce07120f5a3caf6",
    "https://deno.land/x/yargs@v17.1.1-deno/build/lib/utils/obj-filter.js": "5523fb2288d1e86ed48c460e176770b49587554df4ae2405b468c093786b040b",
    "https://deno.land/x/yargs@v17.1.1-deno/build/lib/utils/set-blocking.js": "6fa8ffc3299f456e42902736bae35fbc1f2dc96b3905a02ba9629f5bd9f80af1",
    "https://deno.land/x/yargs@v17.1.1-deno/build/lib/utils/which-module.js": "9267633b2c9f8990b2c699101b641e59ae59932e0dee5270613c0508bfa13c5d",
    "https://deno.land/x/yargs@v17.1.1-deno/build/lib/validation.js": "3dc366de2eb23bc9457ed3e120b69db9d801251bef3dc19f93e4c0380ac0198c",
    "https://deno.land/x/yargs@v17.1.1-deno/build/lib/yargs-factory.js": "a3e629d7d063b5ac007b18a0d8e9ad2ca72ca4d702c5c46822fbbdfdd6c512df",
    "https://deno.land/x/yargs@v17.1.1-deno/build/lib/yerror.js": "1d9dead374fe06c8f13f2e4adafc002b8a15682b7185abf29638f1be96fd9dfc",
    "https://deno.land/x/yargs@v17.1.1-deno/deno-types.ts": "62f5c61899c6da491890c8c84fd9580cfbfa2a83f5a70f6dc74727bbfb148623",
    "https://deno.land/x/yargs@v17.1.1-deno/deno.ts": "f3df0bfd08ba367ec36dc59ef6cab1a391ace49ad44387ec5fe5d76289af08af",
    "https://deno.land/x/yargs@v17.1.1-deno/lib/platform-shims/deno.ts": "b5a48b40d5c64fe66f5a77f87ebaf4413eea828ccd8159feeac370b3eef9a356",
    "https://deno.land/x/yargs_parser@v20.2.4-deno/build/lib/string-utils.js": "12fc056b23703bc370aae5b179dc5abee53fca277abc30eaf76f78d2546d6413",
    "https://deno.land/x/yargs_parser@v20.2.4-deno/build/lib/tokenize-arg-string.js": "7e0875b11795b8e217386e45f14b24a6e501ebbc62e15aa469aa8829d4d0ee61",
    "https://deno.land/x/yargs_parser@v20.2.4-deno/build/lib/yargs-parser.js": "453200a7dfbb002e605d8009b7dad30f2b1d93665e046ab89c073a4fe63dfd48",
    "https://deno.land/x/yargs_parser@v20.2.4-deno/deno.ts": "ad53c0c82c3982c4fc5be9472384b259e0a32ce1f7ae0f68de7b2445df5642fc"
  }
}
